
Microsoft Visual Studio Solution File, Format Version 12.00
# Visual Studio 15
VisualStudioVersion = 15.0.28307.1585
MinimumVisualStudioVersion = 10.0.40219.1
Project("{FAE04EC0-301F-11D3-BF4B-00C04F79EFBC}") = "TestProject", "TestProject\TestProject.csproj", "{F7FA4966-B9B0-4252-88E7-ADE4661C5CCE}"
EndProject
Global
	GlobalSection(SolutionConfigurationPlatforms) = preSolution
		Debug|Any CPU = Debug|Any CPU
		Release|Any CPU = Release|Any CPU
	EndGlobalSection
	GlobalSection(ProjectConfigurationPlatforms) = postSolution
		{F7FA4966-B9B0-4252-88E7-ADE4661C5CCE}.Debug|Any CPU.ActiveCfg = Debug|Any CPU
		{F7FA4966-B9B0-4252-88E7-ADE4661C5CCE}.Debug|Any CPU.Build.0 = Debug|Any CPU
		{F7FA4966-B9B0-4252-88E7-ADE4661C5CCE}.Release|Any CPU.ActiveCfg = Release|Any CPU
		{F7FA4966-B9B0-4252-88E7-ADE4661C5CCE}.Release|Any CPU.Build.0 = Release|Any CPU
	EndGlobalSection
	GlobalSection(SolutionProperties) = preSolution
		HideSolutionNode = FALSE
	EndGlobalSection
	GlobalSection(ExtensibilityGlobals) = postSolution
		SolutionGuid = {998B8475-6F94-472A-9FFC-AA211E277228}
	EndGlobalSection
EndGlobal
